
Microsoft Visual Studio Solution File, Format Version 12.00
# Visual Studio Version 17
VisualStudioVersion = 17.4.33122.133
MinimumVisualStudioVersion = 10.0.40219.1
Project("{FAE04EC0-301F-11D3-BF4B-00C04F79EFBC}") = "SignalRChatApp", "SignalRChatApp\SignalRChatApp.csproj", "{7C09E3D4-7077-4C3A-9F68-515755673551}"
EndProject
Project("{FAE04EC0-301F-11D3-BF4B-00C04F79EFBC}") = "CoffeeApp", "CoffeeApp\CoffeeApp.csproj", "{BB41542B-6FE9-459F-BB45-2B18E41DE6C9}"
EndProject
Global
	GlobalSection(SolutionConfigurationPlatforms) = preSolution
		Debug|Any CPU = Debug|Any CPU
		Release|Any CPU = Release|Any CPU
	EndGlobalSection
	GlobalSection(ProjectConfigurationPlatforms) = postSolution
		{7C09E3D4-7077-4C3A-9F68-515755673551}.Debug|Any CPU.ActiveCfg = Debug|Any CPU
		{7C09E3D4-7077-4C3A-9F68-515755673551}.Debug|Any CPU.Build.0 = Debug|Any CPU
		{7C09E3D4-7077-4C3A-9F68-515755673551}.Release|Any CPU.ActiveCfg = Release|Any CPU
		{7C09E3D4-7077-4C3A-9F68-515755673551}.Release|Any CPU.Build.0 = Release|Any CPU
		{BB41542B-6FE9-459F-BB45-2B18E41DE6C9}.Debug|Any CPU.ActiveCfg = Debug|Any CPU
		{BB41542B-6FE9-459F-BB45-2B18E41DE6C9}.Debug|Any CPU.Build.0 = Debug|Any CPU
		{BB41542B-6FE9-459F-BB45-2B18E41DE6C9}.Release|Any CPU.ActiveCfg = Release|Any CPU
		{BB41542B-6FE9-459F-BB45-2B18E41DE6C9}.Release|Any CPU.Build.0 = Release|Any CPU
	EndGlobalSection
	GlobalSection(SolutionProperties) = preSolution
		HideSolutionNode = FALSE
	EndGlobalSection
	GlobalSection(ExtensibilityGlobals) = postSolution
		SolutionGuid = {A8292569-D856-44A0-BDE5-36BDA4095478}
	EndGlobalSection
EndGlobal
